<?xml version="1.0" encoding="UTF-8" standalone="yes" ?>
<CodeBlocks_project_file>
	<FileVersion major="1" minor="6" />
	<Project>
		<Option title="copula-gen" />
		<Option pch_mode="2" />
		<Option compiler="gcc" />
		<Build>
			<Target title="Debug">
				<Option output="bin/Debug/copula-gen" prefix_auto="1" extension_auto="1" />
				<Option working_dir="bin/Debug" />
				<Option object_output=".obj/Debug/" />
				<Option type="1" />
				<Option compiler="gcc" />
				<Option parameters="-c mixed -i cop_mix.txt 1000" />
				<Compiler>
					<Add option="-g" />
				</Compiler>
				<Environment>
					<Variable name="TG_TYPE" value="Debug" />
				</Environment>
			</Target>
			<Target title="Release">
				<Option output="bin/Release/copula-gen" prefix_auto="1" extension_auto="1" />
				<Option working_dir="bin/Release" />
				<Option object_output=".obj/Release/" />
				<Option type="1" />
				<Option compiler="gcc" />
				<Compiler>
					<Add option="-fexpensive-optimizations" />
					<Add option="-O3" />
					<Add option="-DNDEBUG" />
				</Compiler>
				<Linker>
					<Add option="-s" />
				</Linker>
				<Environment>
					<Variable name="TG_TYPE" value="Release" />
				</Environment>
			</Target>
			<Target title="Release_static">
				<Option output="bin/Release/scen-gen_cop" prefix_auto="1" extension_auto="1" />
				<Option working_dir="bin/Release" />
				<Option object_output=".obj/Release/" />
				<Option type="1" />
				<Option compiler="gcc" />
				<Option projectLibDirsRelation="2" />
				<Compiler>
					<Add option="-fexpensive-optimizations" />
					<Add option="-O3" />
					<Add option="-DNDEBUG" />
				</Compiler>
				<Linker>
					<Add option="-s" />
					<Add directory="external/scen-gen_HKW/lib" />
				</Linker>
				<ExtraCommands>
					<Add before="ar rcs external/scen-gen_HKW/lib/libscen-gen_HKW.a external/scen-gen_HKW/.obj/Release_DLL/*.o" />
				</ExtraCommands>
				<Environment>
					<Variable name="TG_TYPE" value="Release" />
				</Environment>
			</Target>
			<Target title="UnitTest-Rel">
				<Option output="bin/Release/copula-gen_test" prefix_auto="1" extension_auto="1" />
				<Option working_dir="bin/Release" />
				<Option object_output=".obj/Release/" />
				<Option type="1" />
				<Option compiler="gcc" />
				<Option projectLinkerOptionsRelation="1" />
				<Compiler>
					<Add option="-fexpensive-optimizations" />
					<Add option="-O3" />
					<Add option="-std=gnu++11" />
					<Add option="-DNDEBUG" />
					<Add option="-DGTEST_OS_WINDOWS_MINGW=1" />
					<Add directory="../scen-gen_copulas" />
				</Compiler>
				<Linker>
					<Add option="-s" />
					<Add library="pthread" />
					<Add library="gtest" />
				</Linker>
				<Environment>
					<Variable name="TG_TYPE" value="Release" />
				</Environment>
			</Target>
			<Target title="lib_Debug">
				<Option output="bin/Debug/scen-gen_cop" imp_lib="$(TARGET_OUTPUT_DIR)$(TARGET_OUTPUT_BASENAME).a" def_file="$(TARGET_OUTPUT_DIR)$(TARGET_OUTPUT_BASENAME).def" prefix_auto="1" extension_auto="1" />
				<Option working_dir="bin/Debug" />
				<Option object_output=".obj/Debug/" />
				<Option type="3" />
				<Option compiler="gcc" />
				<Option parameters="-c sample -i truthtree.txt -m sample --sort-marg 15" />
				<Option createDefFile="1" />
				<Option createStaticLib="1" />
				<Compiler>
					<Add option="-g" />
					<Add option="-fvisibility=hidden" />
					<Add option="-DBUILDING_DLL" />
				</Compiler>
				<Environment>
					<Variable name="TG_TYPE" value="Debug" />
				</Environment>
			</Target>
			<Target title="lib_Release">
				<Option output="bin/Release/scen-gen_cop" imp_lib="$(TARGET_OUTPUT_DIR)$(TARGET_OUTPUT_BASENAME).a" def_file="$(TARGET_OUTPUT_DIR)$(TARGET_OUTPUT_BASENAME).def" prefix_auto="1" extension_auto="1" />
				<Option working_dir="bin/Release" />
				<Option object_output=".obj/Release/" />
				<Option type="3" />
				<Option compiler="gcc" />
				<Option createDefFile="1" />
				<Option createStaticLib="1" />
				<Compiler>
					<Add option="-fexpensive-optimizations" />
					<Add option="-O3" />
					<Add option="-fvisibility=hidden" />
					<Add option="-DBUILDING_DLL" />
					<Add option="-DNDEBUG" />
				</Compiler>
				<Linker>
					<Add option="-s" />
				</Linker>
				<Environment>
					<Variable name="TG_TYPE" value="Release" />
				</Environment>
			</Target>
			<Target title="lib-driver_Deb">
				<Option output="bin/Debug/scen-gen_cop_ex" prefix_auto="1" extension_auto="1" />
				<Option working_dir="bin/Debug" />
				<Option object_output=".obj/Debug/" />
				<Option type="1" />
				<Option compiler="gcc" />
				<Option use_console_runner="0" />
				<Option parameters="-c sample -i truthtree.txt -m sample --sort-marg 15" />
				<Option projectLinkerOptionsRelation="1" />
				<Option projectLibDirsRelation="1" />
				<Compiler>
					<Add option="-g" />
				</Compiler>
				<Linker>
					<Add option="-Wl,-rpath-link,external/scen-gen_HKW/bin/$(TG_TYPE)" />
					<Add library="scen-gen_cop" />
					<Add directory="./bin/Debug" />
				</Linker>
				<Environment>
					<Variable name="TG_TYPE" value="Debug" />
				</Environment>
			</Target>
			<Target title="lib-driver_Rel">
				<Option output="bin/Release/scen-gen_cop_ex" prefix_auto="1" extension_auto="1" />
				<Option working_dir="bin/Release" />
				<Option object_output=".obj/Release/" />
				<Option type="1" />
				<Option compiler="gcc" />
				<Option use_console_runner="0" />
				<Option projectLinkerOptionsRelation="1" />
				<Compiler>
					<Add option="-fexpensive-optimizations" />
					<Add option="-O3" />
					<Add option="-DNDEBUG" />
				</Compiler>
				<Linker>
					<Add option="-s" />
					<Add option="-Wl,-rpath-link,external/scen-gen_HKW/bin/$(TG_TYPE)" />
					<Add library="scen-gen_cop" />
					<Add directory="./bin/Release" />
				</Linker>
				<Environment>
					<Variable name="TG_TYPE" value="Release" />
				</Environment>
			</Target>
		</Build>
		<Compiler>
			<Add option="-std=c++11" />
			<Add option="-Wall" />
			<Add option="-fexceptions" />
		</Compiler>
		<Linker>
			<Add library="scen-gen_HKW" />
			<Add library="boost_program_options" />
			<Add library="QuantLib" />
			<Add directory="external/scen-gen_HKW/bin/$(TG_TYPE)" />
		</Linker>
		<Unit filename="bivariate_student.cpp" />
		<Unit filename="bivariate_student.h" />
		<Unit filename="common.cpp">
			<Option target="Debug" />
			<Option target="Release" />
			<Option target="UnitTest-Rel" />
			<Option target="lib_Debug" />
			<Option target="lib_Release" />
			<Option target="Release_static" />
		</Unit>
		<Unit filename="common.hpp">
			<Option target="Debug" />
			<Option target="Release" />
			<Option target="UnitTest-Rel" />
			<Option target="lib_Debug" />
			<Option target="lib_Release" />
			<Option target="Release_static" />
		</Unit>
		<Unit filename="cop-gen.cpp">
			<Option target="Debug" />
			<Option target="Release" />
			<Option target="Release_static" />
		</Unit>
		<Unit filename="cop-gen_lib.cpp">
			<Option target="lib_Debug" />
			<Option target="lib_Release" />
		</Unit>
		<Unit filename="cop-gen_lib.hpp">
			<Option target="lib_Debug" />
			<Option target="lib_Release" />
			<Option target="lib-driver_Deb" />
			<Option target="lib-driver_Rel" />
		</Unit>
		<Unit filename="cop-gen_lib_ex.cpp">
			<Option target="lib-driver_Deb" />
			<Option target="lib-driver_Rel" />
		</Unit>
		<Unit filename="cop-info_hist-data.cpp">
			<Option target="Debug" />
			<Option target="Release" />
			<Option target="lib_Debug" />
			<Option target="lib_Release" />
			<Option target="Release_static" />
		</Unit>
		<Unit filename="cop-info_normal.cpp">
			<Option target="Debug" />
			<Option target="Release" />
			<Option target="lib_Debug" />
			<Option target="lib_Release" />
			<Option target="Release_static" />
		</Unit>
		<Unit filename="cop-info_student.cpp" />
		<Unit filename="cop2Dinfo.cpp">
			<Option target="Debug" />
			<Option target="Release" />
			<Option target="lib_Debug" />
			<Option target="lib_Release" />
			<Option target="Release_static" />
		</Unit>
		<Unit filename="cop2Dinfo.hpp">
			<Option target="Debug" />
			<Option target="Release" />
			<Option target="lib_Debug" />
			<Option target="lib_Release" />
			<Option target="Release_static" />
		</Unit>
		<Unit filename="cop2Dsample.cpp">
			<Option target="Debug" />
			<Option target="Release" />
			<Option target="lib_Debug" />
			<Option target="lib_Release" />
			<Option target="Release_static" />
		</Unit>
		<Unit filename="cop2Dsample.hpp">
			<Option target="Debug" />
			<Option target="Release" />
			<Option target="lib_Debug" />
			<Option target="lib_Release" />
			<Option target="Release_static" />
		</Unit>
		<Unit filename="copula-info.cpp">
			<Option target="Debug" />
			<Option target="Release" />
			<Option target="lib_Debug" />
			<Option target="lib_Release" />
			<Option target="Release_static" />
		</Unit>
		<Unit filename="copula-info.hpp">
			<Option target="Debug" />
			<Option target="Release" />
			<Option target="lib_Debug" />
			<Option target="lib_Release" />
			<Option target="Release_static" />
		</Unit>
		<Unit filename="copula-sample.cpp">
			<Option target="Debug" />
			<Option target="Release" />
			<Option target="lib_Debug" />
			<Option target="lib_Release" />
			<Option target="Release_static" />
		</Unit>
		<Unit filename="copula-sample.hpp">
			<Option target="Debug" />
			<Option target="Release" />
			<Option target="lib_Debug" />
			<Option target="lib_Release" />
			<Option target="Release_static" />
		</Unit>
		<Unit filename="dll_export_def.h">
			<Option target="lib_Debug" />
			<Option target="lib_Release" />
		</Unit>
		<Unit filename="margin-distrib.cpp">
			<Option target="Debug" />
			<Option target="Release" />
			<Option target="lib_Debug" />
			<Option target="lib_Release" />
			<Option target="Release_static" />
		</Unit>
		<Unit filename="margin-distrib.hpp">
			<Option target="Debug" />
			<Option target="Release" />
			<Option target="lib_Debug" />
			<Option target="lib_Release" />
			<Option target="Release_static" />
		</Unit>
		<Unit filename="margin-distrib_moments.cpp">
			<Option target="Debug" />
			<Option target="Release" />
			<Option target="lib_Release" />
			<Option target="lib_Debug" />
			<Option target="Release_static" />
		</Unit>
		<Unit filename="margin-distrib_moments.hpp">
			<Option target="Debug" />
			<Option target="Release" />
			<Option target="lib_Release" />
			<Option target="lib_Debug" />
			<Option target="Release_static" />
		</Unit>
		<Unit filename="margins.cpp">
			<Option target="Debug" />
			<Option target="Release" />
			<Option target="lib_Debug" />
			<Option target="lib_Release" />
			<Option target="Release_static" />
		</Unit>
		<Unit filename="margins.hpp">
			<Option target="Debug" />
			<Option target="Release" />
			<Option target="lib_Debug" />
			<Option target="lib_Release" />
			<Option target="Release_static" />
		</Unit>
		<Unit filename="ranker.h">
			<Option target="Debug" />
			<Option target="Release" />
			<Option target="lib_Debug" />
			<Option target="lib_Release" />
			<Option target="Release_static" />
		</Unit>
		<Unit filename="tests/common-test.cpp">
			<Option target="UnitTest-Rel" />
		</Unit>
		<Unit filename="tests/unit-tests.cpp">
			<Option target="UnitTest-Rel" />
		</Unit>
		<Extensions>
			<envvars />
			<code_completion />
			<debugger />
			<lib_finder disable_auto="1" />
			<DoxyBlocks>
				<comment_style block="0" line="0" />
				<doxyfile_project />
				<doxyfile_build />
				<doxyfile_warnings />
				<doxyfile_output />
				<doxyfile_dot />
				<general />
			</DoxyBlocks>
		</Extensions>
	</Project>
</CodeBlocks_project_file>
